
Microsoft Visual Studio Solution File, Format Version 12.00
# Visual Studio Version 16
VisualStudioVersion = 16.0.33529.622
MinimumVisualStudioVersion = 10.0.40219.1
Project("{FAE04EC0-301F-11D3-BF4B-00C04F79EFBC}") = "Prak6Denis", "Prak6Denis\Prak6Denis.csproj", "{5FAD6635-99C0-4964-B248-865AB273CAE5}"
EndProject
Project("{FAE04EC0-301F-11D3-BF4B-00C04F79EFBC}") = "TestMe", "TestMe\TestMe.csproj", "{D56F578A-2421-420C-8C17-9ABBD689BC0A}"
EndProject
Project("{FAE04EC0-301F-11D3-BF4B-00C04F79EFBC}") = "Zadanie2", "Zadanie2\Zadanie2.csproj", "{ABBE7956-7657-4B0B-AF19-36185A35492E}"
EndProject
Project("{FAE04EC0-301F-11D3-BF4B-00C04F79EFBC}") = "Zadanie3", "Zadanie3\Zadanie3.csproj", "{39BFAAB3-16CD-49B4-8B94-E603A0BC4828}"
EndProject
Project("{FAE04EC0-301F-11D3-BF4B-00C04F79EFBC}") = "Zadanie4", "Zadanie4\Zadanie4.csproj", "{C578AEF5-D6D5-426D-B57A-9B0D97ECFEF2}"
EndProject
Global
	GlobalSection(SolutionConfigurationPlatforms) = preSolution
		Debug|Any CPU = Debug|Any CPU
		Release|Any CPU = Release|Any CPU
	EndGlobalSection
	GlobalSection(ProjectConfigurationPlatforms) = postSolution
		{5FAD6635-99C0-4964-B248-865AB273CAE5}.Debug|Any CPU.ActiveCfg = Debug|Any CPU
		{5FAD6635-99C0-4964-B248-865AB273CAE5}.Debug|Any CPU.Build.0 = Debug|Any CPU
		{5FAD6635-99C0-4964-B248-865AB273CAE5}.Release|Any CPU.ActiveCfg = Release|Any CPU
		{5FAD6635-99C0-4964-B248-865AB273CAE5}.Release|Any CPU.Build.0 = Release|Any CPU
		{D56F578A-2421-420C-8C17-9ABBD689BC0A}.Debug|Any CPU.ActiveCfg = Debug|Any CPU
		{D56F578A-2421-420C-8C17-9ABBD689BC0A}.Debug|Any CPU.Build.0 = Debug|Any CPU
		{D56F578A-2421-420C-8C17-9ABBD689BC0A}.Release|Any CPU.ActiveCfg = Release|Any CPU
		{D56F578A-2421-420C-8C17-9ABBD689BC0A}.Release|Any CPU.Build.0 = Release|Any CPU
		{ABBE7956-7657-4B0B-AF19-36185A35492E}.Debug|Any CPU.ActiveCfg = Debug|Any CPU
		{ABBE7956-7657-4B0B-AF19-36185A35492E}.Debug|Any CPU.Build.0 = Debug|Any CPU
		{ABBE7956-7657-4B0B-AF19-36185A35492E}.Release|Any CPU.ActiveCfg = Release|Any CPU
		{ABBE7956-7657-4B0B-AF19-36185A35492E}.Release|Any CPU.Build.0 = Release|Any CPU
		{39BFAAB3-16CD-49B4-8B94-E603A0BC4828}.Debug|Any CPU.ActiveCfg = Debug|Any CPU
		{39BFAAB3-16CD-49B4-8B94-E603A0BC4828}.Debug|Any CPU.Build.0 = Debug|Any CPU
		{39BFAAB3-16CD-49B4-8B94-E603A0BC4828}.Release|Any CPU.ActiveCfg = Release|Any CPU
		{39BFAAB3-16CD-49B4-8B94-E603A0BC4828}.Release|Any CPU.Build.0 = Release|Any CPU
		{C578AEF5-D6D5-426D-B57A-9B0D97ECFEF2}.Debug|Any CPU.ActiveCfg = Debug|Any CPU
		{C578AEF5-D6D5-426D-B57A-9B0D97ECFEF2}.Debug|Any CPU.Build.0 = Debug|Any CPU
		{C578AEF5-D6D5-426D-B57A-9B0D97ECFEF2}.Release|Any CPU.ActiveCfg = Release|Any CPU
		{C578AEF5-D6D5-426D-B57A-9B0D97ECFEF2}.Release|Any CPU.Build.0 = Release|Any CPU
	EndGlobalSection
	GlobalSection(SolutionProperties) = preSolution
		HideSolutionNode = FALSE
	EndGlobalSection
	GlobalSection(ExtensibilityGlobals) = postSolution
		SolutionGuid = {B358869F-F884-48CF-AD01-47A2C7A093EC}
	EndGlobalSection
EndGlobal
